
Microsoft Visual Studio Solution File, Format Version 12.00
# Visual Studio Version 17
VisualStudioVersion = 17.0.31903.59
MinimumVisualStudioVersion = 10.0.40219.1
Project("{2150E333-8FDC-42A3-9474-1A3956D46DE8}") = "src", "src", "{827E0CD3-B72D-47B6-A68D-7590B98EB39B}"
EndProject
Project("{FAE04EC0-301F-11D3-BF4B-00C04F79EFBC}") = "Prospect.Core", "src\Prospect.Core\Prospect.Core.csproj", "{5C1B86B6-6591-4F10-A8AE-7CF74ABE5243}"
EndProject
Project("{FAE04EC0-301F-11D3-BF4B-00C04F79EFBC}") = "Prospect.Desktop", "src\Prospect.Desktop\Prospect.Desktop.csproj", "{1CB5012F-A248-42F1-80E8-96BD369D27F9}"
EndProject
Project("{2150E333-8FDC-42A3-9474-1A3956D46DE8}") = "tests", "tests", "{0AB3BF05-4346-4AA6-1389-037BE0695223}"
EndProject
Project("{FAE04EC0-301F-11D3-BF4B-00C04F79EFBC}") = "Prospect.Core.Tests", "tests\Prospect.Core.Tests\Prospect.Core.Tests.csproj", "{255B1BFB-8209-471D-8E1A-A7CAAAA2F7CB}"
EndProject
Project("{FAE04EC0-301F-11D3-BF4B-00C04F79EFBC}") = "Prospect.Desktop.Tests", "tests\Prospect.Desktop.Tests\Prospect.Desktop.Tests.csproj", "{3BDA446D-5D28-4E82-8CE9-EBDCCFB8BC8F}"
EndProject
Global
	GlobalSection(SolutionConfigurationPlatforms) = preSolution
		Debug|Any CPU = Debug|Any CPU
		Debug|x64 = Debug|x64
		Debug|x86 = Debug|x86
		Release|Any CPU = Release|Any CPU
		Release|x64 = Release|x64
		Release|x86 = Release|x86
	EndGlobalSection
	GlobalSection(ProjectConfigurationPlatforms) = postSolution
		{5C1B86B6-6591-4F10-A8AE-7CF74ABE5243}.Debug|Any CPU.ActiveCfg = Debug|Any CPU
		{5C1B86B6-6591-4F10-A8AE-7CF74ABE5243}.Debug|Any CPU.Build.0 = Debug|Any CPU
		{5C1B86B6-6591-4F10-A8AE-7CF74ABE5243}.Debug|x64.ActiveCfg = Debug|Any CPU
		{5C1B86B6-6591-4F10-A8AE-7CF74ABE5243}.Debug|x64.Build.0 = Debug|Any CPU
		{5C1B86B6-6591-4F10-A8AE-7CF74ABE5243}.Debug|x86.ActiveCfg = Debug|Any CPU
		{5C1B86B6-6591-4F10-A8AE-7CF74ABE5243}.Debug|x86.Build.0 = Debug|Any CPU
		{5C1B86B6-6591-4F10-A8AE-7CF74ABE5243}.Release|Any CPU.ActiveCfg = Release|Any CPU
		{5C1B86B6-6591-4F10-A8AE-7CF74ABE5243}.Release|Any CPU.Build.0 = Release|Any CPU
		{5C1B86B6-6591-4F10-A8AE-7CF74ABE5243}.Release|x64.ActiveCfg = Release|Any CPU
		{5C1B86B6-6591-4F10-A8AE-7CF74ABE5243}.Release|x64.Build.0 = Release|Any CPU
		{5C1B86B6-6591-4F10-A8AE-7CF74ABE5243}.Release|x86.ActiveCfg = Release|Any CPU
		{5C1B86B6-6591-4F10-A8AE-7CF74ABE5243}.Release|x86.Build.0 = Release|Any CPU
		{1CB5012F-A248-42F1-80E8-96BD369D27F9}.Debug|Any CPU.ActiveCfg = Debug|Any CPU
		{1CB5012F-A248-42F1-80E8-96BD369D27F9}.Debug|Any CPU.Build.0 = Debug|Any CPU
		{1CB5012F-A248-42F1-80E8-96BD369D27F9}.Debug|x64.ActiveCfg = Debug|Any CPU
		{1CB5012F-A248-42F1-80E8-96BD369D27F9}.Debug|x64.Build.0 = Debug|Any CPU
		{1CB5012F-A248-42F1-80E8-96BD369D27F9}.Debug|x86.ActiveCfg = Debug|Any CPU
		{1CB5012F-A248-42F1-80E8-96BD369D27F9}.Debug|x86.Build.0 = Debug|Any CPU
		{1CB5012F-A248-42F1-80E8-96BD369D27F9}.Release|Any CPU.ActiveCfg = Release|Any CPU
		{1CB5012F-A248-42F1-80E8-96BD369D27F9}.Release|Any CPU.Build.0 = Release|Any CPU
		{1CB5012F-A248-42F1-80E8-96BD369D27F9}.Release|x64.ActiveCfg = Release|Any CPU
		{1CB5012F-A248-42F1-80E8-96BD369D27F9}.Release|x64.Build.0 = Release|Any CPU
		{1CB5012F-A248-42F1-80E8-96BD369D27F9}.Release|x86.ActiveCfg = Release|Any CPU
		{1CB5012F-A248-42F1-80E8-96BD369D27F9}.Release|x86.Build.0 = Release|Any CPU
		{255B1BFB-8209-471D-8E1A-A7CAAAA2F7CB}.Debug|Any CPU.ActiveCfg = Debug|Any CPU
		{255B1BFB-8209-471D-8E1A-A7CAAAA2F7CB}.Debug|Any CPU.Build.0 = Debug|Any CPU
		{255B1BFB-8209-471D-8E1A-A7CAAAA2F7CB}.Debug|x64.ActiveCfg = Debug|Any CPU
		{255B1BFB-8209-471D-8E1A-A7CAAAA2F7CB}.Debug|x64.Build.0 = Debug|Any CPU
		{255B1BFB-8209-471D-8E1A-A7CAAAA2F7CB}.Debug|x86.ActiveCfg = Debug|Any CPU
		{255B1BFB-8209-471D-8E1A-A7CAAAA2F7CB}.Debug|x86.Build.0 = Debug|Any CPU
		{255B1BFB-8209-471D-8E1A-A7CAAAA2F7CB}.Release|Any CPU.ActiveCfg = Release|Any CPU
		{255B1BFB-8209-471D-8E1A-A7CAAAA2F7CB}.Release|Any CPU.Build.0 = Release|Any CPU
		{255B1BFB-8209-471D-8E1A-A7CAAAA2F7CB}.Release|x64.ActiveCfg = Release|Any CPU
		{255B1BFB-8209-471D-8E1A-A7CAAAA2F7CB}.Release|x64.Build.0 = Release|Any CPU
		{255B1BFB-8209-471D-8E1A-A7CAAAA2F7CB}.Release|x86.ActiveCfg = Release|Any CPU
		{255B1BFB-8209-471D-8E1A-A7CAAAA2F7CB}.Release|x86.Build.0 = Release|Any CPU
		{3BDA446D-5D28-4E82-8CE9-EBDCCFB8BC8F}.Debug|Any CPU.ActiveCfg = Debug|Any CPU
		{3BDA446D-5D28-4E82-8CE9-EBDCCFB8BC8F}.Debug|Any CPU.Build.0 = Debug|Any CPU
		{3BDA446D-5D28-4E82-8CE9-EBDCCFB8BC8F}.Debug|x64.ActiveCfg = Debug|Any CPU
		{3BDA446D-5D28-4E82-8CE9-EBDCCFB8BC8F}.Debug|x64.Build.0 = Debug|Any CPU
		{3BDA446D-5D28-4E82-8CE9-EBDCCFB8BC8F}.Debug|x86.ActiveCfg = Debug|Any CPU
		{3BDA446D-5D28-4E82-8CE9-EBDCCFB8BC8F}.Debug|x86.Build.0 = Debug|Any CPU
		{3BDA446D-5D28-4E82-8CE9-EBDCCFB8BC8F}.Release|Any CPU.ActiveCfg = Release|Any CPU
		{3BDA446D-5D28-4E82-8CE9-EBDCCFB8BC8F}.Release|Any CPU.Build.0 = Release|Any CPU
		{3BDA446D-5D28-4E82-8CE9-EBDCCFB8BC8F}.Release|x64.ActiveCfg = Release|Any CPU
		{3BDA446D-5D28-4E82-8CE9-EBDCCFB8BC8F}.Release|x64.Build.0 = Release|Any CPU
		{3BDA446D-5D28-4E82-8CE9-EBDCCFB8BC8F}.Release|x86.ActiveCfg = Release|Any CPU
		{3BDA446D-5D28-4E82-8CE9-EBDCCFB8BC8F}.Release|x86.Build.0 = Release|Any CPU
	EndGlobalSection
	GlobalSection(SolutionProperties) = preSolution
		HideSolutionNode = FALSE
	EndGlobalSection
	GlobalSection(NestedProjects) = preSolution
		{5C1B86B6-6591-4F10-A8AE-7CF74ABE5243} = {827E0CD3-B72D-47B6-A68D-7590B98EB39B}
		{1CB5012F-A248-42F1-80E8-96BD369D27F9} = {827E0CD3-B72D-47B6-A68D-7590B98EB39B}
		{255B1BFB-8209-471D-8E1A-A7CAAAA2F7CB} = {0AB3BF05-4346-4AA6-1389-037BE0695223}
		{3BDA446D-5D28-4E82-8CE9-EBDCCFB8BC8F} = {0AB3BF05-4346-4AA6-1389-037BE0695223}
	EndGlobalSection
EndGlobal
